
Microsoft Visual Studio Solution File, Format Version 12.00
# Visual Studio Version 17
VisualStudioVersion = 17.10.35122.118
MinimumVisualStudioVersion = 10.0.40219.1
Project("{FAE04EC0-301F-11D3-BF4B-00C04F79EFBC}") = "Server.SignalR", "Server.SignalR\Server.SignalR.csproj", "{1497A0A6-E216-44BA-8C6B-8DF5E7E20C18}"
EndProject
Global
	GlobalSection(SolutionConfigurationPlatforms) = preSolution
		Debug|Any CPU = Debug|Any CPU
		Release|Any CPU = Release|Any CPU
	EndGlobalSection
	GlobalSection(ProjectConfigurationPlatforms) = postSolution
		{1497A0A6-E216-44BA-8C6B-8DF5E7E20C18}.Debug|Any CPU.ActiveCfg = Debug|Any CPU
		{1497A0A6-E216-44BA-8C6B-8DF5E7E20C18}.Debug|Any CPU.Build.0 = Debug|Any CPU
		{1497A0A6-E216-44BA-8C6B-8DF5E7E20C18}.Release|Any CPU.ActiveCfg = Release|Any CPU
		{1497A0A6-E216-44BA-8C6B-8DF5E7E20C18}.Release|Any CPU.Build.0 = Release|Any CPU
	EndGlobalSection
	GlobalSection(SolutionProperties) = preSolution
		HideSolutionNode = FALSE
	EndGlobalSection
	GlobalSection(ExtensibilityGlobals) = postSolution
		SolutionGuid = {F781D8B4-A53D-4095-8159-B58FDE273624}
	EndGlobalSection
EndGlobal
